
Microsoft Visual Studio Solution File, Format Version 12.00
# Visual Studio Version 16
VisualStudioVersion = 25.0.1700.5
MinimumVisualStudioVersion = 10.0.40219.1
Project("{FAE04EC0-301F-11D3-BF4B-00C04F79EFBC}") = "Blog", "Blog\Blog.csproj", "{F7D32267-6DBA-47C6-919B-7EC087EE344D}"
EndProject
Project("{FAE04EC0-301F-11D3-BF4B-00C04F79EFBC}") = "Domain", "Domain\Domain.csproj", "{9372059F-D2F3-4B7D-B3F6-8F67D8937A2C}"
EndProject
Project("{FAE04EC0-301F-11D3-BF4B-00C04F79EFBC}") = "Infrastructure", "Infrastructure\Infrastructure.csproj", "{8041700D-B12E-4546-A745-C9E183640890}"
EndProject
Global
	GlobalSection(SolutionConfigurationPlatforms) = preSolution
		Debug|Any CPU = Debug|Any CPU
		Release|Any CPU = Release|Any CPU
	EndGlobalSection
	GlobalSection(ProjectConfigurationPlatforms) = postSolution
		{F7D32267-6DBA-47C6-919B-7EC087EE344D}.Debug|Any CPU.ActiveCfg = Debug|Any CPU
		{F7D32267-6DBA-47C6-919B-7EC087EE344D}.Debug|Any CPU.Build.0 = Debug|Any CPU
		{F7D32267-6DBA-47C6-919B-7EC087EE344D}.Release|Any CPU.ActiveCfg = Release|Any CPU
		{F7D32267-6DBA-47C6-919B-7EC087EE344D}.Release|Any CPU.Build.0 = Release|Any CPU
		{9372059F-D2F3-4B7D-B3F6-8F67D8937A2C}.Debug|Any CPU.ActiveCfg = Debug|Any CPU
		{9372059F-D2F3-4B7D-B3F6-8F67D8937A2C}.Debug|Any CPU.Build.0 = Debug|Any CPU
		{9372059F-D2F3-4B7D-B3F6-8F67D8937A2C}.Release|Any CPU.ActiveCfg = Release|Any CPU
		{9372059F-D2F3-4B7D-B3F6-8F67D8937A2C}.Release|Any CPU.Build.0 = Release|Any CPU
		{8041700D-B12E-4546-A745-C9E183640890}.Debug|Any CPU.ActiveCfg = Debug|Any CPU
		{8041700D-B12E-4546-A745-C9E183640890}.Debug|Any CPU.Build.0 = Debug|Any CPU
		{8041700D-B12E-4546-A745-C9E183640890}.Release|Any CPU.ActiveCfg = Release|Any CPU
		{8041700D-B12E-4546-A745-C9E183640890}.Release|Any CPU.Build.0 = Release|Any CPU
	EndGlobalSection
	GlobalSection(SolutionProperties) = preSolution
		HideSolutionNode = FALSE
	EndGlobalSection
	GlobalSection(ExtensibilityGlobals) = postSolution
		SolutionGuid = {1A103CA6-E54E-4903-AAED-A8B08AC0A235}
	EndGlobalSection
EndGlobal
